
Microsoft Visual Studio Solution File, Format Version 12.00
# Visual Studio Version 17
VisualStudioVersion = 17.1.32210.238
MinimumVisualStudioVersion = 10.0.40219.1
Project("{2150E333-8FDC-42A3-9474-1A3956D46DE8}") = "CORE", "CORE", "{918EE5CC-C0B7-4B24-A11E-36DB6DF4F4EC}"
EndProject
Project("{2150E333-8FDC-42A3-9474-1A3956D46DE8}") = "INFRAESTRUCTURE", "INFRAESTRUCTURE", "{442DA54E-3BCF-4B67-AE0D-29C096E5020C}"
EndProject
Project("{2150E333-8FDC-42A3-9474-1A3956D46DE8}") = "PRESENTATION", "PRESENTATION", "{7EEF36AD-55ED-4B49-97F3-514B57CA9448}"
EndProject
Project("{FAE04EC0-301F-11D3-BF4B-00C04F79EFBC}") = "Aplication", "Aplication\Aplication.csproj", "{4EBBD099-27DD-49CB-8360-756DDC6BBF50}"
EndProject
Project("{FAE04EC0-301F-11D3-BF4B-00C04F79EFBC}") = "Domain", "Domain\Domain.csproj", "{96E31284-8EB1-4798-98F5-FB4012AD8A2B}"
EndProject
Project("{FAE04EC0-301F-11D3-BF4B-00C04F79EFBC}") = "Persistence", "Persistence\Persistence.csproj", "{548863C2-92BF-4FCD-9890-7DFF783750A4}"
EndProject
Project("{FAE04EC0-301F-11D3-BF4B-00C04F79EFBC}") = "Identity", "Identity\Identity.csproj", "{201C6411-1519-43B9-B99C-93BB4A99EA83}"
EndProject
Project("{FAE04EC0-301F-11D3-BF4B-00C04F79EFBC}") = "TiendaOnlineApi", "TiendaOnlineApi\TiendaOnlineApi.csproj", "{C60A8B5E-3A78-4480-8C06-5BE3C6D01983}"
EndProject
Global
	GlobalSection(SolutionConfigurationPlatforms) = preSolution
		Debug|Any CPU = Debug|Any CPU
		Release|Any CPU = Release|Any CPU
	EndGlobalSection
	GlobalSection(ProjectConfigurationPlatforms) = postSolution
		{4EBBD099-27DD-49CB-8360-756DDC6BBF50}.Debug|Any CPU.ActiveCfg = Debug|Any CPU
		{4EBBD099-27DD-49CB-8360-756DDC6BBF50}.Debug|Any CPU.Build.0 = Debug|Any CPU
		{4EBBD099-27DD-49CB-8360-756DDC6BBF50}.Release|Any CPU.ActiveCfg = Release|Any CPU
		{4EBBD099-27DD-49CB-8360-756DDC6BBF50}.Release|Any CPU.Build.0 = Release|Any CPU
		{96E31284-8EB1-4798-98F5-FB4012AD8A2B}.Debug|Any CPU.ActiveCfg = Debug|Any CPU
		{96E31284-8EB1-4798-98F5-FB4012AD8A2B}.Debug|Any CPU.Build.0 = Debug|Any CPU
		{96E31284-8EB1-4798-98F5-FB4012AD8A2B}.Release|Any CPU.ActiveCfg = Release|Any CPU
		{96E31284-8EB1-4798-98F5-FB4012AD8A2B}.Release|Any CPU.Build.0 = Release|Any CPU
		{548863C2-92BF-4FCD-9890-7DFF783750A4}.Debug|Any CPU.ActiveCfg = Debug|Any CPU
		{548863C2-92BF-4FCD-9890-7DFF783750A4}.Debug|Any CPU.Build.0 = Debug|Any CPU
		{548863C2-92BF-4FCD-9890-7DFF783750A4}.Release|Any CPU.ActiveCfg = Release|Any CPU
		{548863C2-92BF-4FCD-9890-7DFF783750A4}.Release|Any CPU.Build.0 = Release|Any CPU
		{201C6411-1519-43B9-B99C-93BB4A99EA83}.Debug|Any CPU.ActiveCfg = Debug|Any CPU
		{201C6411-1519-43B9-B99C-93BB4A99EA83}.Debug|Any CPU.Build.0 = Debug|Any CPU
		{201C6411-1519-43B9-B99C-93BB4A99EA83}.Release|Any CPU.ActiveCfg = Release|Any CPU
		{201C6411-1519-43B9-B99C-93BB4A99EA83}.Release|Any CPU.Build.0 = Release|Any CPU
		{C60A8B5E-3A78-4480-8C06-5BE3C6D01983}.Debug|Any CPU.ActiveCfg = Debug|Any CPU
		{C60A8B5E-3A78-4480-8C06-5BE3C6D01983}.Debug|Any CPU.Build.0 = Debug|Any CPU
		{C60A8B5E-3A78-4480-8C06-5BE3C6D01983}.Release|Any CPU.ActiveCfg = Release|Any CPU
		{C60A8B5E-3A78-4480-8C06-5BE3C6D01983}.Release|Any CPU.Build.0 = Release|Any CPU
	EndGlobalSection
	GlobalSection(SolutionProperties) = preSolution
		HideSolutionNode = FALSE
	EndGlobalSection
	GlobalSection(NestedProjects) = preSolution
		{4EBBD099-27DD-49CB-8360-756DDC6BBF50} = {918EE5CC-C0B7-4B24-A11E-36DB6DF4F4EC}
		{96E31284-8EB1-4798-98F5-FB4012AD8A2B} = {918EE5CC-C0B7-4B24-A11E-36DB6DF4F4EC}
		{548863C2-92BF-4FCD-9890-7DFF783750A4} = {442DA54E-3BCF-4B67-AE0D-29C096E5020C}
		{201C6411-1519-43B9-B99C-93BB4A99EA83} = {442DA54E-3BCF-4B67-AE0D-29C096E5020C}
		{C60A8B5E-3A78-4480-8C06-5BE3C6D01983} = {7EEF36AD-55ED-4B49-97F3-514B57CA9448}
	EndGlobalSection
	GlobalSection(ExtensibilityGlobals) = postSolution
		SolutionGuid = {2ADC7718-43AC-490E-B8C8-98C09F719E0C}
	EndGlobalSection
EndGlobal
